
Microsoft Visual Studio Solution File, Format Version 12.00
# Visual Studio 2012
Project("{FAE04EC0-301F-11D3-BF4B-00C04F79EFBC}") = "ErtityFramework.Test", "ErtityFramework.Test\ErtityFramework.Test.csproj", "{064AC75C-ECA0-4579-A069-AE6583000D4D}"
EndProject
Project("{FAE04EC0-301F-11D3-BF4B-00C04F79EFBC}") = "ErtityFramework", "ErtityFramework\ErtityFramework.csproj", "{5AFA0091-A70D-4D65-9908-EA68FD1B6F14}"
EndProject
Global
	GlobalSection(SolutionConfigurationPlatforms) = preSolution
		Debug|Any CPU = Debug|Any CPU
		Release|Any CPU = Release|Any CPU
	EndGlobalSection
	GlobalSection(ProjectConfigurationPlatforms) = postSolution
		{064AC75C-ECA0-4579-A069-AE6583000D4D}.Debug|Any CPU.ActiveCfg = Debug|Any CPU
		{064AC75C-ECA0-4579-A069-AE6583000D4D}.Debug|Any CPU.Build.0 = Debug|Any CPU
		{064AC75C-ECA0-4579-A069-AE6583000D4D}.Release|Any CPU.ActiveCfg = Release|Any CPU
		{064AC75C-ECA0-4579-A069-AE6583000D4D}.Release|Any CPU.Build.0 = Release|Any CPU
		{5AFA0091-A70D-4D65-9908-EA68FD1B6F14}.Debug|Any CPU.ActiveCfg = Debug|Any CPU
		{5AFA0091-A70D-4D65-9908-EA68FD1B6F14}.Debug|Any CPU.Build.0 = Debug|Any CPU
		{5AFA0091-A70D-4D65-9908-EA68FD1B6F14}.Release|Any CPU.ActiveCfg = Release|Any CPU
		{5AFA0091-A70D-4D65-9908-EA68FD1B6F14}.Release|Any CPU.Build.0 = Release|Any CPU
	EndGlobalSection
EndGlobal
